
Microsoft Visual Studio Solution File, Format Version 12.00
# Visual Studio 2013
VisualStudioVersion = 12.0.40629.0
MinimumVisualStudioVersion = 10.0.40219.1
Project("{FAE04EC0-301F-11D3-BF4B-00C04F79EFBC}") = "Bandnamegenerator", "Bandnamegenerator\Bandnamegenerator.csproj", "{89AD648B-9B0D-46A6-925F-280C584EEABE}"
EndProject
Global
	GlobalSection(SolutionConfigurationPlatforms) = preSolution
		Debug|Any CPU = Debug|Any CPU
		Release|Any CPU = Release|Any CPU
	EndGlobalSection
	GlobalSection(ProjectConfigurationPlatforms) = postSolution
		{89AD648B-9B0D-46A6-925F-280C584EEABE}.Debug|Any CPU.ActiveCfg = Debug|Any CPU
		{89AD648B-9B0D-46A6-925F-280C584EEABE}.Debug|Any CPU.Build.0 = Debug|Any CPU
		{89AD648B-9B0D-46A6-925F-280C584EEABE}.Release|Any CPU.ActiveCfg = Release|Any CPU
		{89AD648B-9B0D-46A6-925F-280C584EEABE}.Release|Any CPU.Build.0 = Release|Any CPU
	EndGlobalSection
	GlobalSection(SolutionProperties) = preSolution
		HideSolutionNode = FALSE
	EndGlobalSection
EndGlobal
